
Microsoft Visual Studio Solution File, Format Version 12.00
# Visual Studio 15
VisualStudioVersion = 15.0.26228.9
MinimumVisualStudioVersion = 10.0.40219.1
Project("{8BC9CEB8-8B4A-11D0-8D11-00A0C91BC942}") = "FacialRecognition", "FacialRecognition\FacialRecognition.vcxproj", "{41DAF1CF-F3F4-46EE-94A1-E9F2E11F6674}"
EndProject
Global
	GlobalSection(SolutionConfigurationPlatforms) = preSolution
		Debug|ARM = Debug|ARM
		Debug|x64 = Debug|x64
		Debug|x86 = Debug|x86
		Release|ARM = Release|ARM
		Release|x64 = Release|x64
		Release|x86 = Release|x86
	EndGlobalSection
	GlobalSection(ProjectConfigurationPlatforms) = postSolution
		{41DAF1CF-F3F4-46EE-94A1-E9F2E11F6674}.Debug|ARM.ActiveCfg = Debug|ARM
		{41DAF1CF-F3F4-46EE-94A1-E9F2E11F6674}.Debug|ARM.Build.0 = Debug|ARM
		{41DAF1CF-F3F4-46EE-94A1-E9F2E11F6674}.Debug|x64.ActiveCfg = Debug|x64
		{41DAF1CF-F3F4-46EE-94A1-E9F2E11F6674}.Debug|x64.Build.0 = Debug|x64
		{41DAF1CF-F3F4-46EE-94A1-E9F2E11F6674}.Debug|x86.ActiveCfg = Debug|x86
		{41DAF1CF-F3F4-46EE-94A1-E9F2E11F6674}.Debug|x86.Build.0 = Debug|x86
		{41DAF1CF-F3F4-46EE-94A1-E9F2E11F6674}.Release|ARM.ActiveCfg = Release|ARM
		{41DAF1CF-F3F4-46EE-94A1-E9F2E11F6674}.Release|ARM.Build.0 = Release|ARM
		{41DAF1CF-F3F4-46EE-94A1-E9F2E11F6674}.Release|x64.ActiveCfg = Release|x64
		{41DAF1CF-F3F4-46EE-94A1-E9F2E11F6674}.Release|x64.Build.0 = Release|x64
		{41DAF1CF-F3F4-46EE-94A1-E9F2E11F6674}.Release|x86.ActiveCfg = Release|x86
		{41DAF1CF-F3F4-46EE-94A1-E9F2E11F6674}.Release|x86.Build.0 = Release|x86
	EndGlobalSection
	GlobalSection(SolutionProperties) = preSolution
		HideSolutionNode = FALSE
	EndGlobalSection
EndGlobal
